
Microsoft Visual Studio Solution File, Format Version 12.00
# Visual Studio Version 17
VisualStudioVersion = 17.6.33801.468
MinimumVisualStudioVersion = 10.0.40219.1
Project("{FAE04EC0-301F-11D3-BF4B-00C04F79EFBC}") = "RegistroDeDespesas", "RegistroDeDespesas.csproj", "{519E65EE-C37A-430C-B71E-8E5D93B7DDC6}"
EndProject
Global
	GlobalSection(SolutionConfigurationPlatforms) = preSolution
		Debug|Any CPU = Debug|Any CPU
		Release|Any CPU = Release|Any CPU
	EndGlobalSection
	GlobalSection(ProjectConfigurationPlatforms) = postSolution
		{519E65EE-C37A-430C-B71E-8E5D93B7DDC6}.Debug|Any CPU.ActiveCfg = Debug|Any CPU
		{519E65EE-C37A-430C-B71E-8E5D93B7DDC6}.Debug|Any CPU.Build.0 = Debug|Any CPU
		{519E65EE-C37A-430C-B71E-8E5D93B7DDC6}.Release|Any CPU.ActiveCfg = Release|Any CPU
		{519E65EE-C37A-430C-B71E-8E5D93B7DDC6}.Release|Any CPU.Build.0 = Release|Any CPU
	EndGlobalSection
	GlobalSection(SolutionProperties) = preSolution
		HideSolutionNode = FALSE
	EndGlobalSection
	GlobalSection(ExtensibilityGlobals) = postSolution
		SolutionGuid = {9ACAC2D4-BF06-4F26-A1E8-C740C0FBCCFA}
	EndGlobalSection
EndGlobal
